// !$*UTF8*$!
{
	archiveVersion = 1;
	classes = {
	};
	objectVersion = 46;
	objects = {

/* Begin PBXBuildFile section */
		4FB074C41ECC1BEF0050F4E7 /* BJNewsConnectionManagerTests.m in Sources */ = {isa = PBXBuildFile; fileRef = 4FB074C31ECC1BEF0050F4E7 /* BJNewsConnectionManagerTests.m */; };
		4FB074CF1ECC1BEF0050F4E7 /* BJNewsConnectionManagerUITests.m in Sources */ = {isa = PBXBuildFile; fileRef = 4FB074CE1ECC1BEF0050F4E7 /* BJNewsConnectionManagerUITests.m */; };
		4FB074EC1ECC1E200050F4E7 /* .gitattributes in Resources */ = {isa = PBXBuildFile; fileRef = 4FB074DD1ECC1E200050F4E7 /* .gitattributes */; };
		4FB074ED1ECC1E200050F4E7 /* .gitignore in Resources */ = {isa = PBXBuildFile; fileRef = 4FB074DE1ECC1E200050F4E7 /* .gitignore */; };
		4FB074EE1ECC1E200050F4E7 /* AppDelegate.m in Sources */ = {isa = PBXBuildFile; fileRef = 4FB074E01ECC1E200050F4E7 /* AppDelegate.m */; };
		4FB074EF1ECC1E200050F4E7 /* Assets.xcassets in Resources */ = {isa = PBXBuildFile; fileRef = 4FB074E11ECC1E200050F4E7 /* Assets.xcassets */; };
		4FB074F01ECC1E200050F4E7 /* LaunchScreen.storyboard in Resources */ = {isa = PBXBuildFile; fileRef = 4FB074E21ECC1E200050F4E7 /* LaunchScreen.storyboard */; };
		4FB074F11ECC1E200050F4E7 /* Main.storyboard in Resources */ = {isa = PBXBuildFile; fileRef = 4FB074E41ECC1E200050F4E7 /* Main.storyboard */; };
		4FB074F21ECC1E200050F4E7 /* Info.plist in Resources */ = {isa = PBXBuildFile; fileRef = 4FB074E61ECC1E200050F4E7 /* Info.plist */; };
		4FB074F31ECC1E200050F4E7 /* LICENSE in Resources */ = {isa = PBXBuildFile; fileRef = 4FB074E71ECC1E200050F4E7 /* LICENSE */; };
		4FB074F41ECC1E200050F4E7 /* main.m in Sources */ = {isa = PBXBuildFile; fileRef = 4FB074E81ECC1E200050F4E7 /* main.m */; };
		4FB074F51ECC1E200050F4E7 /* README.md in Sources */ = {isa = PBXBuildFile; fileRef = 4FB074E91ECC1E200050F4E7 /* README.md */; };
		4FB074F61ECC1E200050F4E7 /* ViewController.m in Sources */ = {isa = PBXBuildFile; fileRef = 4FB074EB1ECC1E200050F4E7 /* ViewController.m */; };
		4FB074FA1ECC1E3F0050F4E7 /* MYConnection.m in Sources */ = {isa = PBXBuildFile; fileRef = 4FB074F91ECC1E3F0050F4E7 /* MYConnection.m */; };
/* End PBXBuildFile section */

/* Begin PBXContainerItemProxy section */
		4FB074C01ECC1BEF0050F4E7 /* PBXContainerItemProxy */ = {
			isa = PBXContainerItemProxy;
			containerPortal = 4FB0749E1ECC1BEF0050F4E7 /* Project object */;
			proxyType = 1;
			remoteGlobalIDString = 4FB074A51ECC1BEF0050F4E7;
			remoteInfo = BJNewsConnectionManager;
		};
		4FB074CB1ECC1BEF0050F4E7 /* PBXContainerItemProxy */ = {
			isa = PBXContainerItemProxy;
			containerPortal = 4FB0749E1ECC1BEF0050F4E7 /* Project object */;
			proxyType = 1;
			remoteGlobalIDString = 4FB074A51ECC1BEF0050F4E7;
			remoteInfo = BJNewsConnectionManager;
		};
/* End PBXContainerItemProxy section */

/* Begin PBXFileReference section */
		4FB074A61ECC1BEF0050F4E7 /* BJNewsConnectionManager.app */ = {isa = PBXFileReference; explicitFileType = wrapper.application; includeInIndex = 0; path = BJNewsConnectionManager.app; sourceTree = BUILT_PRODUCTS_DIR; };
		4FB074BF1ECC1BEF0050F4E7 /* BJNewsConnectionManagerTests.xctest */ = {isa = PBXFileReference; explicitFileType = wrapper.cfbundle; includeInIndex = 0; path = BJNewsConnectionManagerTests.xctest; sourceTree = BUILT_PRODUCTS_DIR; };
		4FB074C31ECC1BEF0050F4E7 /* BJNewsConnectionManagerTests.m */ = {isa = PBXFileReference; lastKnownFileType = sourcecode.c.objc; path = BJNewsConnectionManagerTests.m; sourceTree = "<group>"; };
		4FB074C51ECC1BEF0050F4E7 /* Info.plist */ = {isa = PBXFileReference; lastKnownFileType = text.plist.xml; path = Info.plist; sourceTree = "<group>"; };
		4FB074CA1ECC1BEF0050F4E7 /* BJNewsConnectionManagerUITests.xctest */ = {isa = PBXFileReference; explicitFileType = wrapper.cfbundle; includeInIndex = 0; path = BJNewsConnectionManagerUITests.xctest; sourceTree = BUILT_PRODUCTS_DIR; };
		4FB074CE1ECC1BEF0050F4E7 /* BJNewsConnectionManagerUITests.m */ = {isa = PBXFileReference; lastKnownFileType = sourcecode.c.objc; path = BJNewsConnectionManagerUITests.m; sourceTree = "<group>"; };
		4FB074D01ECC1BEF0050F4E7 /* Info.plist */ = {isa = PBXFileReference; lastKnownFileType = text.plist.xml; path = Info.plist; sourceTree = "<group>"; };
		4FB074DD1ECC1E200050F4E7 /* .gitattributes */ = {isa = PBXFileReference; fileEncoding = 4; lastKnownFileType = text; path = .gitattributes; sourceTree = "<group>"; };
		4FB074DE1ECC1E200050F4E7 /* .gitignore */ = {isa = PBXFileReference; fileEncoding = 4; lastKnownFileType = text; path = .gitignore; sourceTree = "<group>"; };
		4FB074DF1ECC1E200050F4E7 /* AppDelegate.h */ = {isa = PBXFileReference; fileEncoding = 4; lastKnownFileType = sourcecode.c.h; path = AppDelegate.h; sourceTree = "<group>"; };
		4FB074E01ECC1E200050F4E7 /* AppDelegate.m */ = {isa = PBXFileReference; fileEncoding = 4; lastKnownFileType = sourcecode.c.objc; path = AppDelegate.m; sourceTree = "<group>"; };
		4FB074E11ECC1E200050F4E7 /* Assets.xcassets */ = {isa = PBXFileReference; lastKnownFileType = folder.assetcatalog; path = Assets.xcassets; sourceTree = "<group>"; };
		4FB074E31ECC1E200050F4E7 /* Base */ = {isa = PBXFileReference; lastKnownFileType = file.storyboard; name = Base; path = Base.lproj/LaunchScreen.storyboard; sourceTree = "<group>"; };
		4FB074E51ECC1E200050F4E7 /* Base */ = {isa = PBXFileReference; lastKnownFileType = file.storyboard; name = Base; path = Base.lproj/Main.storyboard; sourceTree = "<group>"; };
		4FB074E61ECC1E200050F4E7 /* Info.plist */ = {isa = PBXFileReference; fileEncoding = 4; lastKnownFileType = text.plist.xml; path = Info.plist; sourceTree = "<group>"; };
		4FB074E71ECC1E200050F4E7 /* LICENSE */ = {isa = PBXFileReference; fileEncoding = 4; lastKnownFileType = text; path = LICENSE; sourceTree = "<group>"; };
		4FB074E81ECC1E200050F4E7 /* main.m */ = {isa = PBXFileReference; fileEncoding = 4; lastKnownFileType = sourcecode.c.objc; path = main.m; sourceTree = "<group>"; };
		4FB074E91ECC1E200050F4E7 /* README.md */ = {isa = PBXFileReference; fileEncoding = 4; lastKnownFileType = net.daringfireball.markdown; path = README.md; sourceTree = "<group>"; };
		4FB074EA1ECC1E200050F4E7 /* ViewController.h */ = {isa = PBXFileReference; fileEncoding = 4; lastKnownFileType = sourcecode.c.h; path = ViewController.h; sourceTree = "<group>"; };
		4FB074EB1ECC1E200050F4E7 /* ViewController.m */ = {isa = PBXFileReference; fileEncoding = 4; lastKnownFileType = sourcecode.c.objc; path = ViewController.m; sourceTree = "<group>"; };
		4FB074F81ECC1E3F0050F4E7 /* MYConnection.h */ = {isa = PBXFileReference; fileEncoding = 4; lastKnownFileType = sourcecode.c.h; path = MYConnection.h; sourceTree = "<group>"; };
		4FB074F91ECC1E3F0050F4E7 /* MYConnection.m */ = {isa = PBXFileReference; fileEncoding = 4; lastKnownFileType = sourcecode.c.objc; path = MYConnection.m; sourceTree = "<group>"; };
/* End PBXFileReference section */

/* Begin PBXFrameworksBuildPhase section */
		4FB074A31ECC1BEF0050F4E7 /* Frameworks */ = {
			isa = PBXFrameworksBuildPhase;
			buildActionMask = 2147483647;
			files = (
			);
			runOnlyForDeploymentPostprocessing = 0;
		};
		4FB074BC1ECC1BEF0050F4E7 /* Frameworks */ = {
			isa = PBXFrameworksBuildPhase;
			buildActionMask = 2147483647;
			files = (
			);
			runOnlyForDeploymentPostprocessing = 0;
		};
		4FB074C71ECC1BEF0050F4E7 /* Frameworks */ = {
			isa = PBXFrameworksBuildPhase;
			buildActionMask = 2147483647;
			files = (
			);
			runOnlyForDeploymentPostprocessing = 0;
		};
/* End PBXFrameworksBuildPhase section */

/* Begin PBXGroup section */
		4FB0749D1ECC1BEF0050F4E7 = {
			isa = PBXGroup;
			children = (
				4FB074F71ECC1E310050F4E7 /* BJNewsConnectionManager */,
				4FB074DC1ECC1E200050F4E7 /* Demo */,
				4FB074C21ECC1BEF0050F4E7 /* BJNewsConnectionManagerTests */,
				4FB074CD1ECC1BEF0050F4E7 /* BJNewsConnectionManagerUITests */,
				4FB074A71ECC1BEF0050F4E7 /* Products */,
			);
			sourceTree = "<group>";
		};
		4FB074A71ECC1BEF0050F4E7 /* Products */ = {
			isa = PBXGroup;
			children = (
				4FB074A61ECC1BEF0050F4E7 /* BJNewsConnectionManager.app */,
				4FB074BF1ECC1BEF0050F4E7 /* BJNewsConnectionManagerTests.xctest */,
				4FB074CA1ECC1BEF0050F4E7 /* BJNewsConnectionManagerUITests.xctest */,
			);
			name = Products;
			sourceTree = "<group>";
		};
		4FB074C21ECC1BEF0050F4E7 /* BJNewsConnectionManagerTests */ = {
			isa = PBXGroup;
			children = (
				4FB074C31ECC1BEF0050F4E7 /* BJNewsConnectionManagerTests.m */,
				4FB074C51ECC1BEF0050F4E7 /* Info.plist */,
			);
			path = BJNewsConnectionManagerTests;
			sourceTree = "<group>";
		};
		4FB074CD1ECC1BEF0050F4E7 /* BJNewsConnectionManagerUITests */ = {
			isa = PBXGroup;
			children = (
				4FB074CE1ECC1BEF0050F4E7 /* BJNewsConnectionManagerUITests.m */,
				4FB074D01ECC1BEF0050F4E7 /* Info.plist */,
			);
			path = BJNewsConnectionManagerUITests;
			sourceTree = "<group>";
		};
		4FB074DC1ECC1E200050F4E7 /* Demo */ = {
			isa = PBXGroup;
			children = (
				4FB074DD1ECC1E200050F4E7 /* .gitattributes */,
				4FB074DE1ECC1E200050F4E7 /* .gitignore */,
				4FB074DF1ECC1E200050F4E7 /* AppDelegate.h */,
				4FB074E01ECC1E200050F4E7 /* AppDelegate.m */,
				4FB074E11ECC1E200050F4E7 /* Assets.xcassets */,
				4FB074E21ECC1E200050F4E7 /* LaunchScreen.storyboard */,
				4FB074E41ECC1E200050F4E7 /* Main.storyboard */,
				4FB074E61ECC1E200050F4E7 /* Info.plist */,
				4FB074E71ECC1E200050F4E7 /* LICENSE */,
				4FB074E81ECC1E200050F4E7 /* main.m */,
				4FB074E91ECC1E200050F4E7 /* README.md */,
				4FB074EA1ECC1E200050F4E7 /* ViewController.h */,
				4FB074EB1ECC1E200050F4E7 /* ViewController.m */,
			);
			path = Demo;
			sourceTree = "<group>";
		};
		4FB074F71ECC1E310050F4E7 /* BJNewsConnectionManager */ = {
			isa = PBXGroup;
			children = (
				4FB074F81ECC1E3F0050F4E7 /* MYConnection.h */,
				4FB074F91ECC1E3F0050F4E7 /* MYConnection.m */,
			);
			path = BJNewsConnectionManager;
			sourceTree = "<group>";
		};
/* End PBXGroup section */

/* Begin PBXNativeTarget section */
		4FB074A51ECC1BEF0050F4E7 /* BJNewsConnectionManager */ = {
			isa = PBXNativeTarget;
			buildConfigurationList = 4FB074D31ECC1BEF0050F4E7 /* Build configuration list for PBXNativeTarget "BJNewsConnectionManager" */;
			buildPhases = (
				4FB074A21ECC1BEF0050F4E7 /* Sources */,
				4FB074A31ECC1BEF0050F4E7 /* Frameworks */,
				4FB074A41ECC1BEF0050F4E7 /* Resources */,
			);
			buildRules = (
			);
			dependencies = (
			);
			name = BJNewsConnectionManager;
			productName = BJNewsConnectionManager;
			productReference = 4FB074A61ECC1BEF0050F4E7 /* BJNewsConnectionManager.app */;
			productType = "com.apple.product-type.application";
		};
		4FB074BE1ECC1BEF0050F4E7 /* BJNewsConnectionManagerTests */ = {
			isa = PBXNativeTarget;
			buildConfigurationList = 4FB074D61ECC1BEF0050F4E7 /* Build configuration list for PBXNativeTarget "BJNewsConnectionManagerTests" */;
			buildPhases = (
				4FB074BB1ECC1BEF0050F4E7 /* Sources */,
				4FB074BC1ECC1BEF0050F4E7 /* Frameworks */,
				4FB074BD1ECC1BEF0050F4E7 /* Resources */,
			);
			buildRules = (
			);
			dependencies = (
				4FB074C11ECC1BEF0050F4E7 /* PBXTargetDependency */,
			);
			name = BJNewsConnectionManagerTests;
			productName = BJNewsConnectionManagerTests;
			productReference = 4FB074BF1ECC1BEF0050F4E7 /* BJNewsConnectionManagerTests.xctest */;
			productType = "com.apple.product-type.bundle.unit-test";
		};
		4FB074C91ECC1BEF0050F4E7 /* BJNewsConnectionManagerUITests */ = {
			isa = PBXNativeTarget;
			buildConfigurationList = 4FB074D91ECC1BEF0050F4E7 /* Build configuration list for PBXNativeTarget "BJNewsConnectionManagerUITests" */;
			buildPhases = (
				4FB074C61ECC1BEF0050F4E7 /* Sources */,
				4FB074C71ECC1BEF0050F4E7 /* Frameworks */,
				4FB074C81ECC1BEF0050F4E7 /* Resources */,
			);
			buildRules = (
			);
			dependencies = (
				4FB074CC1ECC1BEF0050F4E7 /* PBXTargetDependency */,
			);
			name = BJNewsConnectionManagerUITests;
			productName = BJNewsConnectionManagerUITests;
			productReference = 4FB074CA1ECC1BEF0050F4E7 /* BJNewsConnectionManagerUITests.xctest */;
			productType = "com.apple.product-type.bundle.ui-testing";
		};
/* End PBXNativeTarget section */

/* Begin PBXProject section */
		4FB0749E1ECC1BEF0050F4E7 /* Project object */ = {
			isa = PBXProject;
			attributes = {
				LastUpgradeCheck = 0820;
				ORGANIZATIONNAME = "灰太狼";
				TargetAttributes = {
					4FB074A51ECC1BEF0050F4E7 = {
						CreatedOnToolsVersion = 8.2;
						DevelopmentTeam = 42LRDW5LP3;
						ProvisioningStyle = Automatic;
					};
					4FB074BE1ECC1BEF0050F4E7 = {
						CreatedOnToolsVersion = 8.2;
						DevelopmentTeam = 42LRDW5LP3;
						ProvisioningStyle = Automatic;
						TestTargetID = 4FB074A51ECC1BEF0050F4E7;
					};
					4FB074C91ECC1BEF0050F4E7 = {
						CreatedOnToolsVersion = 8.2;
						DevelopmentTeam = 42LRDW5LP3;
						ProvisioningStyle = Automatic;
						TestTargetID = 4FB074A51ECC1BEF0050F4E7;
					};
				};
			};
			buildConfigurationList = 4FB074A11ECC1BEF0050F4E7 /* Build configuration list for PBXProject "BJNewsConnectionManager" */;
			compatibilityVersion = "Xcode 3.2";
			developmentRegion = English;
			hasScannedForEncodings = 0;
			knownRegions = (
				en,
				Base,
			);
			mainGroup = 4FB0749D1ECC1BEF0050F4E7;
			productRefGroup = 4FB074A71ECC1BEF0050F4E7 /* Products */;
			projectDirPath = "";
			projectRoot = "";
			targets = (
				4FB074A51ECC1BEF0050F4E7 /* BJNewsConnectionManager */,
				4FB074BE1ECC1BEF0050F4E7 /* BJNewsConnectionManagerTests */,
				4FB074C91ECC1BEF0050F4E7 /* BJNewsConnectionManagerUITests */,
			);
		};
/* End PBXProject section */

/* Begin PBXResourcesBuildPhase section */
		4FB074A41ECC1BEF0050F4E7 /* Resources */ = {
			isa = PBXResourcesBuildPhase;
			buildActionMask = 2147483647;
			files = (
				4FB074ED1ECC1E200050F4E7 /* .gitignore in Resources */,
				4FB074F11ECC1E200050F4E7 /* Main.storyboard in Resources */,
				4FB074F21ECC1E200050F4E7 /* Info.plist in Resources */,
				4FB074F31ECC1E200050F4E7 /* LICENSE in Resources */,
				4FB074F01ECC1E200050F4E7 /* LaunchScreen.storyboard in Resources */,
				4FB074EF1ECC1E200050F4E7 /* Assets.xcassets in Resources */,
				4FB074EC1ECC1E200050F4E7 /* .gitattributes in Resources */,
			);
			runOnlyForDeploymentPostprocessing = 0;
		};
		4FB074BD1ECC1BEF0050F4E7 /* Resources */ = {
			isa = PBXResourcesBuildPhase;
			buildActionMask = 2147483647;
			files = (
			);
			runOnlyForDeploymentPostprocessing = 0;
		};
		4FB074C81ECC1BEF0050F4E7 /* Resources */ = {
			isa = PBXResourcesBuildPhase;
			buildActionMask = 2147483647;
			files = (
			);
			runOnlyForDeploymentPostprocessing = 0;
		};
/* End PBXResourcesBuildPhase section */

/* Begin PBXSourcesBuildPhase section */
		4FB074A21ECC1BEF0050F4E7 /* Sources */ = {
			isa = PBXSourcesBuildPhase;
			buildActionMask = 2147483647;
			files = (
				4FB074F51ECC1E200050F4E7 /* README.md in Sources */,
				4FB074F41ECC1E200050F4E7 /* main.m in Sources */,
				4FB074F61ECC1E200050F4E7 /* ViewController.m in Sources */,
				4FB074FA1ECC1E3F0050F4E7 /* MYConnection.m in Sources */,
				4FB074EE1ECC1E200050F4E7 /* AppDelegate.m in Sources */,
			);
			runOnlyForDeploymentPostprocessing = 0;
		};
		4FB074BB1ECC1BEF0050F4E7 /* Sources */ = {
			isa = PBXSourcesBuildPhase;
			buildActionMask = 2147483647;
			files = (
				4FB074C41ECC1BEF0050F4E7 /* BJNewsConnectionManagerTests.m in Sources */,
			);
			runOnlyForDeploymentPostprocessing = 0;
		};
		4FB074C61ECC1BEF0050F4E7 /* Sources */ = {
			isa = PBXSourcesBuildPhase;
			buildActionMask = 2147483647;
			files = (
				4FB074CF1ECC1BEF0050F4E7 /* BJNewsConnectionManagerUITests.m in Sources */,
			);
			runOnlyForDeploymentPostprocessing = 0;
		};
/* End PBXSourcesBuildPhase section */

/* Begin PBXTargetDependency section */
		4FB074C11ECC1BEF0050F4E7 /* PBXTargetDependency */ = {
			isa = PBXTargetDependency;
			target = 4FB074A51ECC1BEF0050F4E7 /* BJNewsConnectionManager */;
			targetProxy = 4FB074C01ECC1BEF0050F4E7 /* PBXContainerItemProxy */;
		};
		4FB074CC1ECC1BEF0050F4E7 /* PBXTargetDependency */ = {
			isa = PBXTargetDependency;
			target = 4FB074A51ECC1BEF0050F4E7 /* BJNewsConnectionManager */;
			targetProxy = 4FB074CB1ECC1BEF0050F4E7 /* PBXContainerItemProxy */;
		};
/* End PBXTargetDependency section */

/* Begin PBXVariantGroup section */
		4FB074E21ECC1E200050F4E7 /* LaunchScreen.storyboard */ = {
			isa = PBXVariantGroup;
			children = (
				4FB074E31ECC1E200050F4E7 /* Base */,
			);
			name = LaunchScreen.storyboard;
			sourceTree = "<group>";
		};
		4FB074E41ECC1E200050F4E7 /* Main.storyboard */ = {
			isa = PBXVariantGroup;
			children = (
				4FB074E51ECC1E200050F4E7 /* Base */,
			);
			name = Main.storyboard;
			sourceTree = "<group>";
		};
/* End PBXVariantGroup section */

/* Begin XCBuildConfiguration section */
		4FB074D11ECC1BEF0050F4E7 /* Debug */ = {
			isa = XCBuildConfiguration;
			buildSettings = {
				ALWAYS_SEARCH_USER_PATHS = NO;
				CLANG_ANALYZER_NONNULL = YES;
				CLANG_CXX_LANGUAGE_STANDARD = "gnu++0x";
				CLANG_CXX_LIBRARY = "libc++";
				CLANG_ENABLE_MODULES = YES;
				CLANG_ENABLE_OBJC_ARC = YES;
				CLANG_WARN_BOOL_CONVERSION = YES;
				CLANG_WARN_CONSTANT_CONVERSION = YES;
				CLANG_WARN_DIRECT_OBJC_ISA_USAGE = YES_ERROR;
				CLANG_WARN_DOCUMENTATION_COMMENTS = YES;
				CLANG_WARN_EMPTY_BODY = YES;
				CLANG_WARN_ENUM_CONVERSION = YES;
				CLANG_WARN_INFINITE_RECURSION = YES;
				CLANG_WARN_INT_CONVERSION = YES;
				CLANG_WARN_OBJC_ROOT_CLASS = YES_ERROR;
				CLANG_WARN_SUSPICIOUS_MOVE = YES;
				CLANG_WARN_UNREACHABLE_CODE = YES;
				CLANG_WARN__DUPLICATE_METHOD_MATCH = YES;
				"CODE_SIGN_IDENTITY[sdk=iphoneos*]" = "iPhone Developer";
				COPY_PHASE_STRIP = NO;
				DEBUG_INFORMATION_FORMAT = dwarf;
				ENABLE_STRICT_OBJC_MSGSEND = YES;
				ENABLE_TESTABILITY = YES;
				GCC_C_LANGUAGE_STANDARD = gnu99;
				GCC_DYNAMIC_NO_PIC = NO;
				GCC_NO_COMMON_BLOCKS = YES;
				GCC_OPTIMIZATION_LEVEL = 0;
				GCC_PREPROCESSOR_DEFINITIONS = (
					"DEBUG=1",
					"$(inherited)",
				);
				GCC_WARN_64_TO_32_BIT_CONVERSION = YES;
				GCC_WARN_ABOUT_RETURN_TYPE = YES_ERROR;
				GCC_WARN_UNDECLARED_SELECTOR = YES;
				GCC_WARN_UNINITIALIZED_AUTOS = YES_AGGRESSIVE;
				GCC_WARN_UNUSED_FUNCTION = YES;
				GCC_WARN_UNUSED_VARIABLE = YES;
				IPHONEOS_DEPLOYMENT_TARGET = 10.2;
				MTL_ENABLE_DEBUG_INFO = YES;
				ONLY_ACTIVE_ARCH = YES;
				SDKROOT = iphoneos;
			};
			name = Debug;
		};
		4FB074D21ECC1BEF0050F4E7 /* Release */ = {
			isa = XCBuildConfiguration;
			buildSettings = {
				ALWAYS_SEARCH_USER_PATHS = NO;
				CLANG_ANALYZER_NONNULL = YES;
				CLANG_CXX_LANGUAGE_STANDARD = "gnu++0x";
				CLANG_CXX_LIBRARY = "libc++";
				CLANG_ENABLE_MODULES = YES;
				CLANG_ENABLE_OBJC_ARC = YES;
				CLANG_WARN_BOOL_CONVERSION = YES;
				CLANG_WARN_CONSTANT_CONVERSION = YES;
				CLANG_WARN_DIRECT_OBJC_ISA_USAGE = YES_ERROR;
				CLANG_WARN_DOCUMENTATION_COMMENTS = YES;
				CLANG_WARN_EMPTY_BODY = YES;
				CLANG_WARN_ENUM_CONVERSION = YES;
				CLANG_WARN_INFINITE_RECURSION = YES;
				CLANG_WARN_INT_CONVERSION = YES;
				CLANG_WARN_OBJC_ROOT_CLASS = YES_ERROR;
				CLANG_WARN_SUSPICIOUS_MOVE = YES;
				CLANG_WARN_UNREACHABLE_CODE = YES;
				CLANG_WARN__DUPLICATE_METHOD_MATCH = YES;
				"CODE_SIGN_IDENTITY[sdk=iphoneos*]" = "iPhone Developer";
				COPY_PHASE_STRIP = NO;
				DEBUG_INFORMATION_FORMAT = "dwarf-with-dsym";
				ENABLE_NS_ASSERTIONS = NO;
				ENABLE_STRICT_OBJC_MSGSEND = YES;
				GCC_C_LANGUAGE_STANDARD = gnu99;
				GCC_NO_COMMON_BLOCKS = YES;
				GCC_WARN_64_TO_32_BIT_CONVERSION = YES;
				GCC_WARN_ABOUT_RETURN_TYPE = YES_ERROR;
				GCC_WARN_UNDECLARED_SELECTOR = YES;
				GCC_WARN_UNINITIALIZED_AUTOS = YES_AGGRESSIVE;
				GCC_WARN_UNUSED_FUNCTION = YES;
				GCC_WARN_UNUSED_VARIABLE = YES;
				IPHONEOS_DEPLOYMENT_TARGET = 10.2;
				MTL_ENABLE_DEBUG_INFO = NO;
				SDKROOT = iphoneos;
				VALIDATE_PRODUCT = YES;
			};
			name = Release;
		};
		4FB074D41ECC1BEF0050F4E7 /* Debug */ = {
			isa = XCBuildConfiguration;
			buildSettings = {
				ASSETCATALOG_COMPILER_APPICON_NAME = AppIcon;
				DEVELOPMENT_TEAM = 42LRDW5LP3;
				INFOPLIST_FILE = BJNewsConnectionManager/Info.plist;
				LD_RUNPATH_SEARCH_PATHS = "$(inherited) @executable_path/Frameworks";
				PRODUCT_BUNDLE_IDENTIFIER = cn.com.bjnews.BJNewsConnectionManager;
				PRODUCT_NAME = "$(TARGET_NAME)";
			};
			name = Debug;
		};
		4FB074D51ECC1BEF0050F4E7 /* Release */ = {
			isa = XCBuildConfiguration;
			buildSettings = {
				ASSETCATALOG_COMPILER_APPICON_NAME = AppIcon;
				DEVELOPMENT_TEAM = 42LRDW5LP3;
				INFOPLIST_FILE = BJNewsConnectionManager/Info.plist;
				LD_RUNPATH_SEARCH_PATHS = "$(inherited) @executable_path/Frameworks";
				PRODUCT_BUNDLE_IDENTIFIER = cn.com.bjnews.BJNewsConnectionManager;
				PRODUCT_NAME = "$(TARGET_NAME)";
			};
			name = Release;
		};
		4FB074D71ECC1BEF0050F4E7 /* Debug */ = {
			isa = XCBuildConfiguration;
			buildSettings = {
				BUNDLE_LOADER = "$(TEST_HOST)";
				DEVELOPMENT_TEAM = 42LRDW5LP3;
				INFOPLIST_FILE = BJNewsConnectionManagerTests/Info.plist;
				LD_RUNPATH_SEARCH_PATHS = "$(inherited) @executable_path/Frameworks @loader_path/Frameworks";
				PRODUCT_BUNDLE_IDENTIFIER = cn.com.bjnews.BJNewsConnectionManagerTests;
				PRODUCT_NAME = "$(TARGET_NAME)";
				TEST_HOST = "$(BUILT_PRODUCTS_DIR)/BJNewsConnectionManager.app/BJNewsConnectionManager";
			};
			name = Debug;
		};
		4FB074D81ECC1BEF0050F4E7 /* Release */ = {
			isa = XCBuildConfiguration;
			buildSettings = {
				BUNDLE_LOADER = "$(TEST_HOST)";
				DEVELOPMENT_TEAM = 42LRDW5LP3;
				INFOPLIST_FILE = BJNewsConnectionManagerTests/Info.plist;
				LD_RUNPATH_SEARCH_PATHS = "$(inherited) @executable_path/Frameworks @loader_path/Frameworks";
				PRODUCT_BUNDLE_IDENTIFIER = cn.com.bjnews.BJNewsConnectionManagerTests;
				PRODUCT_NAME = "$(TARGET_NAME)";
				TEST_HOST = "$(BUILT_PRODUCTS_DIR)/BJNewsConnectionManager.app/BJNewsConnectionManager";
			};
			name = Release;
		};
		4FB074DA1ECC1BEF0050F4E7 /* Debug */ = {
			isa = XCBuildConfiguration;
			buildSettings = {
				DEVELOPMENT_TEAM = 42LRDW5LP3;
				INFOPLIST_FILE = BJNewsConnectionManagerUITests/Info.plist;
				LD_RUNPATH_SEARCH_PATHS = "$(inherited) @executable_path/Frameworks @loader_path/Frameworks";
				PRODUCT_BUNDLE_IDENTIFIER = cn.com.bjnews.BJNewsConnectionManagerUITests;
				PRODUCT_NAME = "$(TARGET_NAME)";
				TEST_TARGET_NAME = BJNewsConnectionManager;
			};
			name = Debug;
		};
		4FB074DB1ECC1BEF0050F4E7 /* Release */ = {
			isa = XCBuildConfiguration;
			buildSettings = {
				DEVELOPMENT_TEAM = 42LRDW5LP3;
				INFOPLIST_FILE = BJNewsConnectionManagerUITests/Info.plist;
				LD_RUNPATH_SEARCH_PATHS = "$(inherited) @executable_path/Frameworks @loader_path/Frameworks";
				PRODUCT_BUNDLE_IDENTIFIER = cn.com.bjnews.BJNewsConnectionManagerUITests;
				PRODUCT_NAME = "$(TARGET_NAME)";
				TEST_TARGET_NAME = BJNewsConnectionManager;
			};
			name = Release;
		};
/* End XCBuildConfiguration section */

/* Begin XCConfigurationList section */
		4FB074A11ECC1BEF0050F4E7 /* Build configuration list for PBXProject "BJNewsConnectionManager" */ = {
			isa = XCConfigurationList;
			buildConfigurations = (
				4FB074D11ECC1BEF0050F4E7 /* Debug */,
				4FB074D21ECC1BEF0050F4E7 /* Release */,
			);
			defaultConfigurationIsVisible = 0;
			defaultConfigurationName = Release;
		};
		4FB074D31ECC1BEF0050F4E7 /* Build configuration list for PBXNativeTarget "BJNewsConnectionManager" */ = {
			isa = XCConfigurationList;
			buildConfigurations = (
				4FB074D41ECC1BEF0050F4E7 /* Debug */,
				4FB074D51ECC1BEF0050F4E7 /* Release */,
			);
			defaultConfigurationIsVisible = 0;
			defaultConfigurationName = Release;
		};
		4FB074D61ECC1BEF0050F4E7 /* Build configuration list for PBXNativeTarget "BJNewsConnectionManagerTests" */ = {
			isa = XCConfigurationList;
			buildConfigurations = (
				4FB074D71ECC1BEF0050F4E7 /* Debug */,
				4FB074D81ECC1BEF0050F4E7 /* Release */,
			);
			defaultConfigurationIsVisible = 0;
			defaultConfigurationName = Release;
		};
		4FB074D91ECC1BEF0050F4E7 /* Build configuration list for PBXNativeTarget "BJNewsConnectionManagerUITests" */ = {
			isa = XCConfigurationList;
			buildConfigurations = (
				4FB074DA1ECC1BEF0050F4E7 /* Debug */,
				4FB074DB1ECC1BEF0050F4E7 /* Release */,
			);
			defaultConfigurationIsVisible = 0;
			defaultConfigurationName = Release;
		};
/* End XCConfigurationList section */
	};
	rootObject = 4FB0749E1ECC1BEF0050F4E7 /* Project object */;
}
